
Microsoft Visual Studio Solution File, Format Version 12.00
# Visual Studio Version 16
VisualStudioVersion = 16.0.30907.101
MinimumVisualStudioVersion = 10.0.40219.1
Project("{FAE04EC0-301F-11D3-BF4B-00C04F79EFBC}") = "No01_Singleton", "No01_Singleton\No01_Singleton.csproj", "{2256A2DF-3205-4132-8180-0F72A308606E}"
EndProject
Project("{FAE04EC0-301F-11D3-BF4B-00C04F79EFBC}") = "No02_AbstractFactory", "No02_AbstractFactory\No02_AbstractFactory.csproj", "{BD38B6C8-3F8B-4204-B5E3-0E572497D38A}"
EndProject
Global
	GlobalSection(SolutionConfigurationPlatforms) = preSolution
		Debug|Any CPU = Debug|Any CPU
		Release|Any CPU = Release|Any CPU
	EndGlobalSection
	GlobalSection(ProjectConfigurationPlatforms) = postSolution
		{2256A2DF-3205-4132-8180-0F72A308606E}.Debug|Any CPU.ActiveCfg = Debug|Any CPU
		{2256A2DF-3205-4132-8180-0F72A308606E}.Debug|Any CPU.Build.0 = Debug|Any CPU
		{2256A2DF-3205-4132-8180-0F72A308606E}.Release|Any CPU.ActiveCfg = Release|Any CPU
		{2256A2DF-3205-4132-8180-0F72A308606E}.Release|Any CPU.Build.0 = Release|Any CPU
		{BD38B6C8-3F8B-4204-B5E3-0E572497D38A}.Debug|Any CPU.ActiveCfg = Debug|Any CPU
		{BD38B6C8-3F8B-4204-B5E3-0E572497D38A}.Debug|Any CPU.Build.0 = Debug|Any CPU
		{BD38B6C8-3F8B-4204-B5E3-0E572497D38A}.Release|Any CPU.ActiveCfg = Release|Any CPU
		{BD38B6C8-3F8B-4204-B5E3-0E572497D38A}.Release|Any CPU.Build.0 = Release|Any CPU
	EndGlobalSection
	GlobalSection(SolutionProperties) = preSolution
		HideSolutionNode = FALSE
	EndGlobalSection
	GlobalSection(ExtensibilityGlobals) = postSolution
		SolutionGuid = {1DD76C40-F5CD-4D29-B5B9-502BAA579F93}
	EndGlobalSection
EndGlobal
